
Microsoft Visual Studio Solution File, Format Version 12.00
# Visual Studio 2015
Project("{FAE04EC0-301F-11D3-BF4B-00C04F79EFBC}") = "BreakPoint.CSharp", "BreakPoint.CSharp.csproj", "{A4088026-8E87-3874-D68F-5AB58055ABC0}"
EndProject
Project("{FAE04EC0-301F-11D3-BF4B-00C04F79EFBC}") = "BreakPoint.CSharp.Editor", "BreakPoint.CSharp.Editor.csproj", "{E45CF15E-B46A-3C1B-8564-F162B3165670}"
EndProject
Global
	GlobalSection(SolutionConfigurationPlatforms) = preSolution
		Debug|Any CPU = Debug|Any CPU
		Release|Any CPU = Release|Any CPU
	EndGlobalSection
	GlobalSection(ProjectConfigurationPlatforms) = postSolution
		{A4088026-8E87-3874-D68F-5AB58055ABC0}.Debug|Any CPU.ActiveCfg = Debug|Any CPU
		{A4088026-8E87-3874-D68F-5AB58055ABC0}.Debug|Any CPU.Build.0 = Debug|Any CPU
		{A4088026-8E87-3874-D68F-5AB58055ABC0}.Release|Any CPU.ActiveCfg = Release|Any CPU
		{A4088026-8E87-3874-D68F-5AB58055ABC0}.Release|Any CPU.Build.0 = Release|Any CPU
		{E45CF15E-B46A-3C1B-8564-F162B3165670}.Debug|Any CPU.ActiveCfg = Debug|Any CPU
		{E45CF15E-B46A-3C1B-8564-F162B3165670}.Debug|Any CPU.Build.0 = Debug|Any CPU
		{E45CF15E-B46A-3C1B-8564-F162B3165670}.Release|Any CPU.ActiveCfg = Release|Any CPU
		{E45CF15E-B46A-3C1B-8564-F162B3165670}.Release|Any CPU.Build.0 = Release|Any CPU
	EndGlobalSection
	GlobalSection(SolutionProperties) = preSolution
		HideSolutionNode = FALSE
	EndGlobalSection
EndGlobal
